{
  "name": "Candice Shell Setup",
  "version": "1.0.0",
  "lockfileVersion": 2,
  "requires": true,
  "packages": {
    "": {
      "name": "Candice Shell Setup",
      "version": "1.0.0",
      "license": "ISC",
      "dependencies": {
        "paths": "^0.1.1"
      }
    },
    "node_modules/paths": {
      "version": "0.1.1",
      "resolved": "https://registry.npmjs.org/paths/-/paths-0.1.1.tgz",
      "integrity": "sha1-mtkJ1/dp3YrLOhwDPF7vQxI9PRc=",
      "bin": {
        "paths": "paths"
      },
      "engines": {
        "node": ">= 0.4.0"
      }
    }
  },
  "dependencies": {
    "paths": {
      "version": "0.1.1",
      "resolved": "https://registry.npmjs.org/paths/-/paths-0.1.1.tgz",
      "integrity": "sha1-mtkJ1/dp3YrLOhwDPF7vQxI9PRc="
    }
  }
}
